// !$*UTF8*$!
{
	archiveVersion = 1;
	classes = {
	};
	objectVersion = 56;
	objects = {

/* Begin PBXBuildFile section */
		A3B0E62D2B4B8306004D6A17 /* SwiftFundamentalsApp.swift in Sources */ = {isa = PBXBuildFile; fileRef = A3B0E62C2B4B8306004D6A17 /* SwiftFundamentalsApp.swift */; };
		A3B0E62F2B4B8306004D6A17 /* ContentView.swift in Sources */ = {isa = PBXBuildFile; fileRef = A3B0E62E2B4B8306004D6A17 /* ContentView.swift */; };
		A3B0E6312B4B830A004D6A17 /* Assets.xcassets in Resources */ = {isa = PBXBuildFile; fileRef = A3B0E6302B4B830A004D6A17 /* Assets.xcassets */; };
		A3B0E6342B4B830A004D6A17 /* Preview Assets.xcassets in Resources */ = {isa = PBXBuildFile; fileRef = A3B0E6332B4B830A004D6A17 /* Preview Assets.xcassets */; };
		A3B0E63E2B4B830B004D6A17 /* SwiftFundamentalsTests.swift in Sources */ = {isa = PBXBuildFile; fileRef = A3B0E63D2B4B830B004D6A17 /* SwiftFundamentalsTests.swift */; };
		A3B0E6482B4B830B004D6A17 /* SwiftFundamentalsUITests.swift in Sources */ = {isa = PBXBuildFile; fileRef = A3B0E6472B4B830B004D6A17 /* SwiftFundamentalsUITests.swift */; };
		A3B0E64A2B4B830B004D6A17 /* SwiftFundamentalsUITestsLaunchTests.swift in Sources */ = {isa = PBXBuildFile; fileRef = A3B0E6492B4B830B004D6A17 /* SwiftFundamentalsUITestsLaunchTests.swift */; };
/* End PBXBuildFile section */

/* Begin PBXContainerItemProxy section */
		A3B0E63A2B4B830B004D6A17 /* PBXContainerItemProxy */ = {
			isa = PBXContainerItemProxy;
			containerPortal = A3B0E6212B4B8305004D6A17 /* Project object */;
			proxyType = 1;
			remoteGlobalIDString = A3B0E6282B4B8305004D6A17;
			remoteInfo = SwiftFundamentals;
		};
		A3B0E6442B4B830B004D6A17 /* PBXContainerItemProxy */ = {
			isa = PBXContainerItemProxy;
			containerPortal = A3B0E6212B4B8305004D6A17 /* Project object */;
			proxyType = 1;
			remoteGlobalIDString = A3B0E6282B4B8305004D6A17;
			remoteInfo = SwiftFundamentals;
		};
/* End PBXContainerItemProxy section */

/* Begin PBXFileReference section */
		A3B0E6292B4B8305004D6A17 /* SwiftFundamentals.app */ = {isa = PBXFileReference; explicitFileType = wrapper.application; includeInIndex = 0; path = SwiftFundamentals.app; sourceTree = BUILT_PRODUCTS_DIR; };
		A3B0E62C2B4B8306004D6A17 /* SwiftFundamentalsApp.swift */ = {isa = PBXFileReference; lastKnownFileType = sourcecode.swift; path = SwiftFundamentalsApp.swift; sourceTree = "<group>"; };
		A3B0E62E2B4B8306004D6A17 /* ContentView.swift */ = {isa = PBXFileReference; lastKnownFileType = sourcecode.swift; path = ContentView.swift; sourceTree = "<group>"; };
		A3B0E6302B4B830A004D6A17 /* Assets.xcassets */ = {isa = PBXFileReference; lastKnownFileType = folder.assetcatalog; path = Assets.xcassets; sourceTree = "<group>"; };
		A3B0E6332B4B830A004D6A17 /* Preview Assets.xcassets */ = {isa = PBXFileReference; lastKnownFileType = folder.assetcatalog; path = "Preview Assets.xcassets"; sourceTree = "<group>"; };
		A3B0E6392B4B830B004D6A17 /* SwiftFundamentalsTests.xctest */ = {isa = PBXFileReference; explicitFileType = wrapper.cfbundle; includeInIndex = 0; path = SwiftFundamentalsTests.xctest; sourceTree = BUILT_PRODUCTS_DIR; };
		A3B0E63D2B4B830B004D6A17 /* SwiftFundamentalsTests.swift */ = {isa = PBXFileReference; lastKnownFileType = sourcecode.swift; path = SwiftFundamentalsTests.swift; sourceTree = "<group>"; };
		A3B0E6432B4B830B004D6A17 /* SwiftFundamentalsUITests.xctest */ = {isa = PBXFileReference; explicitFileType = wrapper.cfbundle; includeInIndex = 0; path = SwiftFundamentalsUITests.xctest; sourceTree = BUILT_PRODUCTS_DIR; };
		A3B0E6472B4B830B004D6A17 /* SwiftFundamentalsUITests.swift */ = {isa = PBXFileReference; lastKnownFileType = sourcecode.swift; path = SwiftFundamentalsUITests.swift; sourceTree = "<group>"; };
		A3B0E6492B4B830B004D6A17 /* SwiftFundamentalsUITestsLaunchTests.swift */ = {isa = PBXFileReference; lastKnownFileType = sourcecode.swift; path = SwiftFundamentalsUITestsLaunchTests.swift; sourceTree = "<group>"; };
		A98AF96E2B53AEF600A58F41 /* readme.md */ = {isa = PBXFileReference; lastKnownFileType = net.daringfireball.markdown; path = readme.md; sourceTree = "<group>"; };
/* End PBXFileReference section */

/* Begin PBXFrameworksBuildPhase section */
		A3B0E6262B4B8305004D6A17 /* Frameworks */ = {
			isa = PBXFrameworksBuildPhase;
			buildActionMask = 2147483647;
			files = (
			);
			runOnlyForDeploymentPostprocessing = 0;
		};
		A3B0E6362B4B830B004D6A17 /* Frameworks */ = {
			isa = PBXFrameworksBuildPhase;
			buildActionMask = 2147483647;
			files = (
			);
			runOnlyForDeploymentPostprocessing = 0;
		};
		A3B0E6402B4B830B004D6A17 /* Frameworks */ = {
			isa = PBXFrameworksBuildPhase;
			buildActionMask = 2147483647;
			files = (
			);
			runOnlyForDeploymentPostprocessing = 0;
		};
/* End PBXFrameworksBuildPhase section */

/* Begin PBXGroup section */
		A3B0E6202B4B8305004D6A17 = {
			isa = PBXGroup;
			children = (
				A98AF96E2B53AEF600A58F41 /* readme.md */,
				A3B0E62B2B4B8306004D6A17 /* SwiftFundamentals */,
				A3B0E63C2B4B830B004D6A17 /* SwiftFundamentalsTests */,
				A3B0E6462B4B830B004D6A17 /* SwiftFundamentalsUITests */,
				A3B0E62A2B4B8305004D6A17 /* Products */,
			);
			sourceTree = "<group>";
		};
		A3B0E62A2B4B8305004D6A17 /* Products */ = {
			isa = PBXGroup;
			children = (
				A3B0E6292B4B8305004D6A17 /* SwiftFundamentals.app */,
				A3B0E6392B4B830B004D6A17 /* SwiftFundamentalsTests.xctest */,
				A3B0E6432B4B830B004D6A17 /* SwiftFundamentalsUITests.xctest */,
			);
			name = Products;
			sourceTree = "<group>";
		};
		A3B0E62B2B4B8306004D6A17 /* SwiftFundamentals */ = {
			isa = PBXGroup;
			children = (
				A3B0E62C2B4B8306004D6A17 /* SwiftFundamentalsApp.swift */,
				A3B0E62E2B4B8306004D6A17 /* ContentView.swift */,
				A3B0E6302B4B830A004D6A17 /* Assets.xcassets */,
				A3B0E6322B4B830A004D6A17 /* Preview Content */,
			);
			path = SwiftFundamentals;
			sourceTree = "<group>";
		};
		A3B0E6322B4B830A004D6A17 /* Preview Content */ = {
			isa = PBXGroup;
			children = (
				A3B0E6332B4B830A004D6A17 /* Preview Assets.xcassets */,
			);
			path = "Preview Content";
			sourceTree = "<group>";
		};
		A3B0E63C2B4B830B004D6A17 /* SwiftFundamentalsTests */ = {
			isa = PBXGroup;
			children = (
				A3B0E63D2B4B830B004D6A17 /* SwiftFundamentalsTests.swift */,
			);
			path = SwiftFundamentalsTests;
			sourceTree = "<group>";
		};
		A3B0E6462B4B830B004D6A17 /* SwiftFundamentalsUITests */ = {
			isa = PBXGroup;
			children = (
				A3B0E6472B4B830B004D6A17 /* SwiftFundamentalsUITests.swift */,
				A3B0E6492B4B830B004D6A17 /* SwiftFundamentalsUITestsLaunchTests.swift */,
			);
			path = SwiftFundamentalsUITests;
			sourceTree = "<group>";
		};
/* End PBXGroup section */

/* Begin PBXNativeTarget section */
		A3B0E6282B4B8305004D6A17 /* SwiftFundamentals */ = {
			isa = PBXNativeTarget;
			buildConfigurationList = A3B0E64D2B4B830B004D6A17 /* Build configuration list for PBXNativeTarget "SwiftFundamentals" */;
			buildPhases = (
				A3B0E6252B4B8305004D6A17 /* Sources */,
				A3B0E6262B4B8305004D6A17 /* Frameworks */,
				A3B0E6272B4B8305004D6A17 /* Resources */,
			);
			buildRules = (
			);
			dependencies = (
			);
			name = SwiftFundamentals;
			productName = SwiftFundamentals;
			productReference = A3B0E6292B4B8305004D6A17 /* SwiftFundamentals.app */;
			productType = "com.apple.product-type.application";
		};
		A3B0E6382B4B830B004D6A17 /* SwiftFundamentalsTests */ = {
			isa = PBXNativeTarget;
			buildConfigurationList = A3B0E6502B4B830B004D6A17 /* Build configuration list for PBXNativeTarget "SwiftFundamentalsTests" */;
			buildPhases = (
				A3B0E6352B4B830B004D6A17 /* Sources */,
				A3B0E6362B4B830B004D6A17 /* Frameworks */,
				A3B0E6372B4B830B004D6A17 /* Resources */,
			);
			buildRules = (
			);
			dependencies = (
				A3B0E63B2B4B830B004D6A17 /* PBXTargetDependency */,
			);
			name = SwiftFundamentalsTests;
			productName = SwiftFundamentalsTests;
			productReference = A3B0E6392B4B830B004D6A17 /* SwiftFundamentalsTests.xctest */;
			productType = "com.apple.product-type.bundle.unit-test";
		};
		A3B0E6422B4B830B004D6A17 /* SwiftFundamentalsUITests */ = {
			isa = PBXNativeTarget;
			buildConfigurationList = A3B0E6532B4B830B004D6A17 /* Build configuration list for PBXNativeTarget "SwiftFundamentalsUITests" */;
			buildPhases = (
				A3B0E63F2B4B830B004D6A17 /* Sources */,
				A3B0E6402B4B830B004D6A17 /* Frameworks */,
				A3B0E6412B4B830B004D6A17 /* Resources */,
			);
			buildRules = (
			);
			dependencies = (
				A3B0E6452B4B830B004D6A17 /* PBXTargetDependency */,
			);
			name = SwiftFundamentalsUITests;
			productName = SwiftFundamentalsUITests;
			productReference = A3B0E6432B4B830B004D6A17 /* SwiftFundamentalsUITests.xctest */;
			productType = "com.apple.product-type.bundle.ui-testing";
		};
/* End PBXNativeTarget section */

/* Begin PBXProject section */
		A3B0E6212B4B8305004D6A17 /* Project object */ = {
			isa = PBXProject;
			attributes = {
				BuildIndependentTargetsInParallel = 1;
				LastSwiftUpdateCheck = 1420;
				LastUpgradeCheck = 1420;
				TargetAttributes = {
					A3B0E6282B4B8305004D6A17 = {
						CreatedOnToolsVersion = 14.2;
					};
					A3B0E6382B4B830B004D6A17 = {
						CreatedOnToolsVersion = 14.2;
						TestTargetID = A3B0E6282B4B8305004D6A17;
					};
					A3B0E6422B4B830B004D6A17 = {
						CreatedOnToolsVersion = 14.2;
						TestTargetID = A3B0E6282B4B8305004D6A17;
					};
				};
			};
			buildConfigurationList = A3B0E6242B4B8305004D6A17 /* Build configuration list for PBXProject "SwiftFundamentals" */;
			compatibilityVersion = "Xcode 14.0";
			developmentRegion = en;
			hasScannedForEncodings = 0;
			knownRegions = (
				en,
				Base,
			);
			mainGroup = A3B0E6202B4B8305004D6A17;
			productRefGroup = A3B0E62A2B4B8305004D6A17 /* Products */;
			projectDirPath = "";
			projectRoot = "";
			targets = (
				A3B0E6282B4B8305004D6A17 /* SwiftFundamentals */,
				A3B0E6382B4B830B004D6A17 /* SwiftFundamentalsTests */,
				A3B0E6422B4B830B004D6A17 /* SwiftFundamentalsUITests */,
			);
		};
/* End PBXProject section */

/* Begin PBXResourcesBuildPhase section */
		A3B0E6272B4B8305004D6A17 /* Resources */ = {
			isa = PBXResourcesBuildPhase;
			buildActionMask = 2147483647;
			files = (
				A3B0E6342B4B830A004D6A17 /* Preview Assets.xcassets in Resources */,
				A3B0E6312B4B830A004D6A17 /* Assets.xcassets in Resources */,
			);
			runOnlyForDeploymentPostprocessing = 0;
		};
		A3B0E6372B4B830B004D6A17 /* Resources */ = {
			isa = PBXResourcesBuildPhase;
			buildActionMask = 2147483647;
			files = (
			);
			runOnlyForDeploymentPostprocessing = 0;
		};
		A3B0E6412B4B830B004D6A17 /* Resources */ = {
			isa = PBXResourcesBuildPhase;
			buildActionMask = 2147483647;
			files = (
			);
			runOnlyForDeploymentPostprocessing = 0;
		};
/* End PBXResourcesBuildPhase section */

/* Begin PBXSourcesBuildPhase section */
		A3B0E6252B4B8305004D6A17 /* Sources */ = {
			isa = PBXSourcesBuildPhase;
			buildActionMask = 2147483647;
			files = (
				A3B0E62F2B4B8306004D6A17 /* ContentView.swift in Sources */,
				A3B0E62D2B4B8306004D6A17 /* SwiftFundamentalsApp.swift in Sources */,
			);
			runOnlyForDeploymentPostprocessing = 0;
		};
		A3B0E6352B4B830B004D6A17 /* Sources */ = {
			isa = PBXSourcesBuildPhase;
			buildActionMask = 2147483647;
			files = (
				A3B0E63E2B4B830B004D6A17 /* SwiftFundamentalsTests.swift in Sources */,
			);
			runOnlyForDeploymentPostprocessing = 0;
		};
		A3B0E63F2B4B830B004D6A17 /* Sources */ = {
			isa = PBXSourcesBuildPhase;
			buildActionMask = 2147483647;
			files = (
				A3B0E64A2B4B830B004D6A17 /* SwiftFundamentalsUITestsLaunchTests.swift in Sources */,
				A3B0E6482B4B830B004D6A17 /* SwiftFundamentalsUITests.swift in Sources */,
			);
			runOnlyForDeploymentPostprocessing = 0;
		};
/* End PBXSourcesBuildPhase section */

/* Begin PBXTargetDependency section */
		A3B0E63B2B4B830B004D6A17 /* PBXTargetDependency */ = {
			isa = PBXTargetDependency;
			target = A3B0E6282B4B8305004D6A17 /* SwiftFundamentals */;
			targetProxy = A3B0E63A2B4B830B004D6A17 /* PBXContainerItemProxy */;
		};
		A3B0E6452B4B830B004D6A17 /* PBXTargetDependency */ = {
			isa = PBXTargetDependency;
			target = A3B0E6282B4B8305004D6A17 /* SwiftFundamentals */;
			targetProxy = A3B0E6442B4B830B004D6A17 /* PBXContainerItemProxy */;
		};
/* End PBXTargetDependency section */

/* Begin XCBuildConfiguration section */
		A3B0E64B2B4B830B004D6A17 /* Debug */ = {
			isa = XCBuildConfiguration;
			buildSettings = {
				ALWAYS_SEARCH_USER_PATHS = NO;
				CLANG_ANALYZER_NONNULL = YES;
				CLANG_ANALYZER_NUMBER_OBJECT_CONVERSION = YES_AGGRESSIVE;
				CLANG_CXX_LANGUAGE_STANDARD = "gnu++20";
				CLANG_ENABLE_MODULES = YES;
				CLANG_ENABLE_OBJC_ARC = YES;
				CLANG_ENABLE_OBJC_WEAK = YES;
				CLANG_WARN_BLOCK_CAPTURE_AUTORELEASING = YES;
				CLANG_WARN_BOOL_CONVERSION = YES;
				CLANG_WARN_COMMA = YES;
				CLANG_WARN_CONSTANT_CONVERSION = YES;
				CLANG_WARN_DEPRECATED_OBJC_IMPLEMENTATIONS = YES;
				CLANG_WARN_DIRECT_OBJC_ISA_USAGE = YES_ERROR;
				CLANG_WARN_DOCUMENTATION_COMMENTS = YES;
				CLANG_WARN_EMPTY_BODY = YES;
				CLANG_WARN_ENUM_CONVERSION = YES;
				CLANG_WARN_INFINITE_RECURSION = YES;
				CLANG_WARN_INT_CONVERSION = YES;
				CLANG_WARN_NON_LITERAL_NULL_CONVERSION = YES;
				CLANG_WARN_OBJC_IMPLICIT_RETAIN_SELF = YES;
				CLANG_WARN_OBJC_LITERAL_CONVERSION = YES;
				CLANG_WARN_OBJC_ROOT_CLASS = YES_ERROR;
				CLANG_WARN_QUOTED_INCLUDE_IN_FRAMEWORK_HEADER = YES;
				CLANG_WARN_RANGE_LOOP_ANALYSIS = YES;
				CLANG_WARN_STRICT_PROTOTYPES = YES;
				CLANG_WARN_SUSPICIOUS_MOVE = YES;
				CLANG_WARN_UNGUARDED_AVAILABILITY = YES_AGGRESSIVE;
				CLANG_WARN_UNREACHABLE_CODE = YES;
				CLANG_WARN__DUPLICATE_METHOD_MATCH = YES;
				COPY_PHASE_STRIP = NO;
				DEBUG_INFORMATION_FORMAT = dwarf;
				ENABLE_STRICT_OBJC_MSGSEND = YES;
				ENABLE_TESTABILITY = YES;
				GCC_C_LANGUAGE_STANDARD = gnu11;
				GCC_DYNAMIC_NO_PIC = NO;
				GCC_NO_COMMON_BLOCKS = YES;
				GCC_OPTIMIZATION_LEVEL = 0;
				GCC_PREPROCESSOR_DEFINITIONS = (
					"DEBUG=1",
					"$(inherited)",
				);
				GCC_WARN_64_TO_32_BIT_CONVERSION = YES;
				GCC_WARN_ABOUT_RETURN_TYPE = YES_ERROR;
				GCC_WARN_UNDECLARED_SELECTOR = YES;
				GCC_WARN_UNINITIALIZED_AUTOS = YES_AGGRESSIVE;
				GCC_WARN_UNUSED_FUNCTION = YES;
				GCC_WARN_UNUSED_VARIABLE = YES;
				IPHONEOS_DEPLOYMENT_TARGET = 16.2;
				MTL_ENABLE_DEBUG_INFO = INCLUDE_SOURCE;
				MTL_FAST_MATH = YES;
				ONLY_ACTIVE_ARCH = YES;
				SDKROOT = iphoneos;
				SWIFT_ACTIVE_COMPILATION_CONDITIONS = DEBUG;
				SWIFT_OPTIMIZATION_LEVEL = "-Onone";
			};
			name = Debug;
		};
		A3B0E64C2B4B830B004D6A17 /* Release */ = {
			isa = XCBuildConfiguration;
			buildSettings = {
				ALWAYS_SEARCH_USER_PATHS = NO;
				CLANG_ANALYZER_NONNULL = YES;
				CLANG_ANALYZER_NUMBER_OBJECT_CONVERSION = YES_AGGRESSIVE;
				CLANG_CXX_LANGUAGE_STANDARD = "gnu++20";
				CLANG_ENABLE_MODULES = YES;
				CLANG_ENABLE_OBJC_ARC = YES;
				CLANG_ENABLE_OBJC_WEAK = YES;
				CLANG_WARN_BLOCK_CAPTURE_AUTORELEASING = YES;
				CLANG_WARN_BOOL_CONVERSION = YES;
				CLANG_WARN_COMMA = YES;
				CLANG_WARN_CONSTANT_CONVERSION = YES;
				CLANG_WARN_DEPRECATED_OBJC_IMPLEMENTATIONS = YES;
				CLANG_WARN_DIRECT_OBJC_ISA_USAGE = YES_ERROR;
				CLANG_WARN_DOCUMENTATION_COMMENTS = YES;
				CLANG_WARN_EMPTY_BODY = YES;
				CLANG_WARN_ENUM_CONVERSION = YES;
				CLANG_WARN_INFINITE_RECURSION = YES;
				CLANG_WARN_INT_CONVERSION = YES;
				CLANG_WARN_NON_LITERAL_NULL_CONVERSION = YES;
				CLANG_WARN_OBJC_IMPLICIT_RETAIN_SELF = YES;
				CLANG_WARN_OBJC_LITERAL_CONVERSION = YES;
				CLANG_WARN_OBJC_ROOT_CLASS = YES_ERROR;
				CLANG_WARN_QUOTED_INCLUDE_IN_FRAMEWORK_HEADER = YES;
				CLANG_WARN_RANGE_LOOP_ANALYSIS = YES;
				CLANG_WARN_STRICT_PROTOTYPES = YES;
				CLANG_WARN_SUSPICIOUS_MOVE = YES;
				CLANG_WARN_UNGUARDED_AVAILABILITY = YES_AGGRESSIVE;
				CLANG_WARN_UNREACHABLE_CODE = YES;
				CLANG_WARN__DUPLICATE_METHOD_MATCH = YES;
				COPY_PHASE_STRIP = NO;
				DEBUG_INFORMATION_FORMAT = "dwarf-with-dsym";
				ENABLE_NS_ASSERTIONS = NO;
				ENABLE_STRICT_OBJC_MSGSEND = YES;
				GCC_C_LANGUAGE_STANDARD = gnu11;
				GCC_NO_COMMON_BLOCKS = YES;
				GCC_WARN_64_TO_32_BIT_CONVERSION = YES;
				GCC_WARN_ABOUT_RETURN_TYPE = YES_ERROR;
				GCC_WARN_UNDECLARED_SELECTOR = YES;
				GCC_WARN_UNINITIALIZED_AUTOS = YES_AGGRESSIVE;
				GCC_WARN_UNUSED_FUNCTION = YES;
				GCC_WARN_UNUSED_VARIABLE = YES;
				IPHONEOS_DEPLOYMENT_TARGET = 16.2;
				MTL_ENABLE_DEBUG_INFO = NO;
				MTL_FAST_MATH = YES;
				SDKROOT = iphoneos;
				SWIFT_COMPILATION_MODE = wholemodule;
				SWIFT_OPTIMIZATION_LEVEL = "-O";
				VALIDATE_PRODUCT = YES;
			};
			name = Release;
		};
		A3B0E64E2B4B830B004D6A17 /* Debug */ = {
			isa = XCBuildConfiguration;
			buildSettings = {
				ASSETCATALOG_COMPILER_APPICON_NAME = AppIcon;
				ASSETCATALOG_COMPILER_GLOBAL_ACCENT_COLOR_NAME = AccentColor;
				CODE_SIGN_STYLE = Automatic;
				CURRENT_PROJECT_VERSION = 1;
				DEVELOPMENT_ASSET_PATHS = "\"SwiftFundamentals/Preview Content\"";
				DEVELOPMENT_TEAM = F39YLTWJFM;
				ENABLE_PREVIEWS = YES;
				GENERATE_INFOPLIST_FILE = YES;
				INFOPLIST_KEY_UIApplicationSceneManifest_Generation = YES;
				INFOPLIST_KEY_UIApplicationSupportsIndirectInputEvents = YES;
				INFOPLIST_KEY_UILaunchScreen_Generation = YES;
				INFOPLIST_KEY_UISupportedInterfaceOrientations_iPad = "UIInterfaceOrientationPortrait UIInterfaceOrientationPortraitUpsideDown UIInterfaceOrientationLandscapeLeft UIInterfaceOrientationLandscapeRight";
				INFOPLIST_KEY_UISupportedInterfaceOrientations_iPhone = "UIInterfaceOrientationPortrait UIInterfaceOrientationLandscapeLeft UIInterfaceOrientationLandscapeRight";
				LD_RUNPATH_SEARCH_PATHS = (
					"$(inherited)",
					"@executable_path/Frameworks",
				);
				MARKETING_VERSION = 1.0;
				PRODUCT_BUNDLE_IDENTIFIER = FRyota.SwiftFundamentals;
				PRODUCT_NAME = "$(TARGET_NAME)";
				SWIFT_EMIT_LOC_STRINGS = YES;
				SWIFT_VERSION = 5.0;
				TARGETED_DEVICE_FAMILY = "1,2";
			};
			name = Debug;
		};
		A3B0E64F2B4B830B004D6A17 /* Release */ = {
			isa = XCBuildConfiguration;
			buildSettings = {
				ASSETCATALOG_COMPILER_APPICON_NAME = AppIcon;
				ASSETCATALOG_COMPILER_GLOBAL_ACCENT_COLOR_NAME = AccentColor;
				CODE_SIGN_STYLE = Automatic;
				CURRENT_PROJECT_VERSION = 1;
				DEVELOPMENT_ASSET_PATHS = "\"SwiftFundamentals/Preview Content\"";
				DEVELOPMENT_TEAM = F39YLTWJFM;
				ENABLE_PREVIEWS = YES;
				GENERATE_INFOPLIST_FILE = YES;
				INFOPLIST_KEY_UIApplicationSceneManifest_Generation = YES;
				INFOPLIST_KEY_UIApplicationSupportsIndirectInputEvents = YES;
				INFOPLIST_KEY_UILaunchScreen_Generation = YES;
				INFOPLIST_KEY_UISupportedInterfaceOrientations_iPad = "UIInterfaceOrientationPortrait UIInterfaceOrientationPortraitUpsideDown UIInterfaceOrientationLandscapeLeft UIInterfaceOrientationLandscapeRight";
				INFOPLIST_KEY_UISupportedInterfaceOrientations_iPhone = "UIInterfaceOrientationPortrait UIInterfaceOrientationLandscapeLeft UIInterfaceOrientationLandscapeRight";
				LD_RUNPATH_SEARCH_PATHS = (
					"$(inherited)",
					"@executable_path/Frameworks",
				);
				MARKETING_VERSION = 1.0;
				PRODUCT_BUNDLE_IDENTIFIER = FRyota.SwiftFundamentals;
				PRODUCT_NAME = "$(TARGET_NAME)";
				SWIFT_EMIT_LOC_STRINGS = YES;
				SWIFT_VERSION = 5.0;
				TARGETED_DEVICE_FAMILY = "1,2";
			};
			name = Release;
		};
		A3B0E6512B4B830B004D6A17 /* Debug */ = {
			isa = XCBuildConfiguration;
			buildSettings = {
				ALWAYS_EMBED_SWIFT_STANDARD_LIBRARIES = YES;
				BUNDLE_LOADER = "$(TEST_HOST)";
				CODE_SIGN_STYLE = Automatic;
				CURRENT_PROJECT_VERSION = 1;
				DEVELOPMENT_TEAM = F39YLTWJFM;
				GENERATE_INFOPLIST_FILE = YES;
				IPHONEOS_DEPLOYMENT_TARGET = 16.2;
				MARKETING_VERSION = 1.0;
				PRODUCT_BUNDLE_IDENTIFIER = FRyota.SwiftFundamentalsTests;
				PRODUCT_NAME = "$(TARGET_NAME)";
				SWIFT_EMIT_LOC_STRINGS = NO;
				SWIFT_VERSION = 5.0;
				TARGETED_DEVICE_FAMILY = "1,2";
				TEST_HOST = "$(BUILT_PRODUCTS_DIR)/SwiftFundamentals.app/$(BUNDLE_EXECUTABLE_FOLDER_PATH)/SwiftFundamentals";
			};
			name = Debug;
		};
		A3B0E6522B4B830B004D6A17 /* Release */ = {
			isa = XCBuildConfiguration;
			buildSettings = {
				ALWAYS_EMBED_SWIFT_STANDARD_LIBRARIES = YES;
				BUNDLE_LOADER = "$(TEST_HOST)";
				CODE_SIGN_STYLE = Automatic;
				CURRENT_PROJECT_VERSION = 1;
				DEVELOPMENT_TEAM = F39YLTWJFM;
				GENERATE_INFOPLIST_FILE = YES;
				IPHONEOS_DEPLOYMENT_TARGET = 16.2;
				MARKETING_VERSION = 1.0;
				PRODUCT_BUNDLE_IDENTIFIER = FRyota.SwiftFundamentalsTests;
				PRODUCT_NAME = "$(TARGET_NAME)";
				SWIFT_EMIT_LOC_STRINGS = NO;
				SWIFT_VERSION = 5.0;
				TARGETED_DEVICE_FAMILY = "1,2";
				TEST_HOST = "$(BUILT_PRODUCTS_DIR)/SwiftFundamentals.app/$(BUNDLE_EXECUTABLE_FOLDER_PATH)/SwiftFundamentals";
			};
			name = Release;
		};
		A3B0E6542B4B830B004D6A17 /* Debug */ = {
			isa = XCBuildConfiguration;
			buildSettings = {
				ALWAYS_EMBED_SWIFT_STANDARD_LIBRARIES = YES;
				CODE_SIGN_STYLE = Automatic;
				CURRENT_PROJECT_VERSION = 1;
				DEVELOPMENT_TEAM = F39YLTWJFM;
				GENERATE_INFOPLIST_FILE = YES;
				MARKETING_VERSION = 1.0;
				PRODUCT_BUNDLE_IDENTIFIER = FRyota.SwiftFundamentalsUITests;
				PRODUCT_NAME = "$(TARGET_NAME)";
				SWIFT_EMIT_LOC_STRINGS = NO;
				SWIFT_VERSION = 5.0;
				TARGETED_DEVICE_FAMILY = "1,2";
				TEST_TARGET_NAME = SwiftFundamentals;
			};
			name = Debug;
		};
		A3B0E6552B4B830B004D6A17 /* Release */ = {
			isa = XCBuildConfiguration;
			buildSettings = {
				ALWAYS_EMBED_SWIFT_STANDARD_LIBRARIES = YES;
				CODE_SIGN_STYLE = Automatic;
				CURRENT_PROJECT_VERSION = 1;
				DEVELOPMENT_TEAM = F39YLTWJFM;
				GENERATE_INFOPLIST_FILE = YES;
				MARKETING_VERSION = 1.0;
				PRODUCT_BUNDLE_IDENTIFIER = FRyota.SwiftFundamentalsUITests;
				PRODUCT_NAME = "$(TARGET_NAME)";
				SWIFT_EMIT_LOC_STRINGS = NO;
				SWIFT_VERSION = 5.0;
				TARGETED_DEVICE_FAMILY = "1,2";
				TEST_TARGET_NAME = SwiftFundamentals;
			};
			name = Release;
		};
/* End XCBuildConfiguration section */

/* Begin XCConfigurationList section */
		A3B0E6242B4B8305004D6A17 /* Build configuration list for PBXProject "SwiftFundamentals" */ = {
			isa = XCConfigurationList;
			buildConfigurations = (
				A3B0E64B2B4B830B004D6A17 /* Debug */,
				A3B0E64C2B4B830B004D6A17 /* Release */,
			);
			defaultConfigurationIsVisible = 0;
			defaultConfigurationName = Release;
		};
		A3B0E64D2B4B830B004D6A17 /* Build configuration list for PBXNativeTarget "SwiftFundamentals" */ = {
			isa = XCConfigurationList;
			buildConfigurations = (
				A3B0E64E2B4B830B004D6A17 /* Debug */,
				A3B0E64F2B4B830B004D6A17 /* Release */,
			);
			defaultConfigurationIsVisible = 0;
			defaultConfigurationName = Release;
		};
		A3B0E6502B4B830B004D6A17 /* Build configuration list for PBXNativeTarget "SwiftFundamentalsTests" */ = {
			isa = XCConfigurationList;
			buildConfigurations = (
				A3B0E6512B4B830B004D6A17 /* Debug */,
				A3B0E6522B4B830B004D6A17 /* Release */,
			);
			defaultConfigurationIsVisible = 0;
			defaultConfigurationName = Release;
		};
		A3B0E6532B4B830B004D6A17 /* Build configuration list for PBXNativeTarget "SwiftFundamentalsUITests" */ = {
			isa = XCConfigurationList;
			buildConfigurations = (
				A3B0E6542B4B830B004D6A17 /* Debug */,
				A3B0E6552B4B830B004D6A17 /* Release */,
			);
			defaultConfigurationIsVisible = 0;
			defaultConfigurationName = Release;
		};
/* End XCConfigurationList section */
	};
	rootObject = A3B0E6212B4B8305004D6A17 /* Project object */;
}
